
Microsoft Visual Studio Solution File, Format Version 11.00
# Visual Studio 2010
Project("{CC5FD16D-436D-48AD-A40C-5A424C6E3E79}") = "AmoreApp", "AmoreApp\AmoreApp.ccproj", "{FBC3F57F-916F-4604-9841-1EE9C6E6A4CD}"
EndProject
Project("{FAE04EC0-301F-11D3-BF4B-00C04F79EFBC}") = "AmoreApp.Website", "AmoreApp.Website\AmoreApp.Website.csproj", "{8699EA0F-94A3-4091-BC03-D60B871BC170}"
EndProject
Project("{FAE04EC0-301F-11D3-BF4B-00C04F79EFBC}") = "AmoreApp.AmoreAPI", "AmoreApp.AmoreAPI\AmoreApp.AmoreAPI.csproj", "{F21C6616-E7AB-4D7F-9C68-23F4F9359F99}"
EndProject
Global
	GlobalSection(SolutionConfigurationPlatforms) = preSolution
		Debug|Any CPU = Debug|Any CPU
		Release|Any CPU = Release|Any CPU
	EndGlobalSection
	GlobalSection(ProjectConfigurationPlatforms) = postSolution
		{FBC3F57F-916F-4604-9841-1EE9C6E6A4CD}.Debug|Any CPU.ActiveCfg = Debug|Any CPU
		{FBC3F57F-916F-4604-9841-1EE9C6E6A4CD}.Debug|Any CPU.Build.0 = Debug|Any CPU
		{FBC3F57F-916F-4604-9841-1EE9C6E6A4CD}.Release|Any CPU.ActiveCfg = Release|Any CPU
		{FBC3F57F-916F-4604-9841-1EE9C6E6A4CD}.Release|Any CPU.Build.0 = Release|Any CPU
		{8699EA0F-94A3-4091-BC03-D60B871BC170}.Debug|Any CPU.ActiveCfg = Debug|Any CPU
		{8699EA0F-94A3-4091-BC03-D60B871BC170}.Debug|Any CPU.Build.0 = Debug|Any CPU
		{8699EA0F-94A3-4091-BC03-D60B871BC170}.Release|Any CPU.ActiveCfg = Release|Any CPU
		{8699EA0F-94A3-4091-BC03-D60B871BC170}.Release|Any CPU.Build.0 = Release|Any CPU
		{F21C6616-E7AB-4D7F-9C68-23F4F9359F99}.Debug|Any CPU.ActiveCfg = Debug|Any CPU
		{F21C6616-E7AB-4D7F-9C68-23F4F9359F99}.Debug|Any CPU.Build.0 = Debug|Any CPU
		{F21C6616-E7AB-4D7F-9C68-23F4F9359F99}.Release|Any CPU.ActiveCfg = Release|Any CPU
		{F21C6616-E7AB-4D7F-9C68-23F4F9359F99}.Release|Any CPU.Build.0 = Release|Any CPU
	EndGlobalSection
	GlobalSection(SolutionProperties) = preSolution
		HideSolutionNode = FALSE
	EndGlobalSection
EndGlobal
